
Microsoft Visual Studio Solution File, Format Version 12.00
# Visual Studio Version 17
VisualStudioVersion = 17.4.33205.214
MinimumVisualStudioVersion = 10.0.40219.1
Project("{9A19103F-16F7-4668-BE54-9A1E7A4F7556}") = "Androsov.Web", "Androsov.Web\Androsov.Web.csproj", "{73CD6E15-3964-436C-A175-7EFBB0F50046}"
EndProject
Project("{9A19103F-16F7-4668-BE54-9A1E7A4F7556}") = "Androsov.API", "Androsov.API\Androsov.API.csproj", "{0661D768-F0B1-492F-B595-1C317B948CA8}"
EndProject
Project("{E53339B2-1760-4266-BCC7-CA923CBCF16C}") = "docker-compose", "docker-compose.dcproj", "{645647EB-974C-43B4-9E03-A93AE96F3478}"
EndProject
Project("{9A19103F-16F7-4668-BE54-9A1E7A4F7556}") = "Androsov.Desktop", "Androsov.Desktop\Androsov.Desktop.csproj", "{00673E45-F0C1-4ED4-877F-34B26BB98143}"
EndProject
Project("{9A19103F-16F7-4668-BE54-9A1E7A4F7556}") = "Androsov.DataAccess", "Androsov.DataAccess\Androsov.DataAccess.csproj", "{ECB611AD-F0C6-420D-AE92-68CAC0B8F383}"
EndProject
Global
	GlobalSection(SolutionConfigurationPlatforms) = preSolution
		Debug|Any CPU = Debug|Any CPU
		Release|Any CPU = Release|Any CPU
	EndGlobalSection
	GlobalSection(ProjectConfigurationPlatforms) = postSolution
		{73CD6E15-3964-436C-A175-7EFBB0F50046}.Debug|Any CPU.ActiveCfg = Debug|Any CPU
		{73CD6E15-3964-436C-A175-7EFBB0F50046}.Debug|Any CPU.Build.0 = Debug|Any CPU
		{73CD6E15-3964-436C-A175-7EFBB0F50046}.Release|Any CPU.ActiveCfg = Release|Any CPU
		{73CD6E15-3964-436C-A175-7EFBB0F50046}.Release|Any CPU.Build.0 = Release|Any CPU
		{0661D768-F0B1-492F-B595-1C317B948CA8}.Debug|Any CPU.ActiveCfg = Debug|Any CPU
		{0661D768-F0B1-492F-B595-1C317B948CA8}.Debug|Any CPU.Build.0 = Debug|Any CPU
		{0661D768-F0B1-492F-B595-1C317B948CA8}.Release|Any CPU.ActiveCfg = Release|Any CPU
		{0661D768-F0B1-492F-B595-1C317B948CA8}.Release|Any CPU.Build.0 = Release|Any CPU
		{645647EB-974C-43B4-9E03-A93AE96F3478}.Debug|Any CPU.ActiveCfg = Debug|Any CPU
		{645647EB-974C-43B4-9E03-A93AE96F3478}.Debug|Any CPU.Build.0 = Debug|Any CPU
		{645647EB-974C-43B4-9E03-A93AE96F3478}.Release|Any CPU.ActiveCfg = Release|Any CPU
		{645647EB-974C-43B4-9E03-A93AE96F3478}.Release|Any CPU.Build.0 = Release|Any CPU
		{00673E45-F0C1-4ED4-877F-34B26BB98143}.Debug|Any CPU.ActiveCfg = Debug|Any CPU
		{00673E45-F0C1-4ED4-877F-34B26BB98143}.Debug|Any CPU.Build.0 = Debug|Any CPU
		{00673E45-F0C1-4ED4-877F-34B26BB98143}.Release|Any CPU.ActiveCfg = Release|Any CPU
		{00673E45-F0C1-4ED4-877F-34B26BB98143}.Release|Any CPU.Build.0 = Release|Any CPU
		{ECB611AD-F0C6-420D-AE92-68CAC0B8F383}.Debug|Any CPU.ActiveCfg = Debug|Any CPU
		{ECB611AD-F0C6-420D-AE92-68CAC0B8F383}.Debug|Any CPU.Build.0 = Debug|Any CPU
		{ECB611AD-F0C6-420D-AE92-68CAC0B8F383}.Release|Any CPU.ActiveCfg = Release|Any CPU
		{ECB611AD-F0C6-420D-AE92-68CAC0B8F383}.Release|Any CPU.Build.0 = Release|Any CPU
	EndGlobalSection
	GlobalSection(SolutionProperties) = preSolution
		HideSolutionNode = FALSE
	EndGlobalSection
	GlobalSection(ExtensibilityGlobals) = postSolution
		SolutionGuid = {E0A66F3F-889C-4A2A-9780-ECD2CDC1A273}
	EndGlobalSection
EndGlobal
